
Microsoft Visual Studio Solution File, Format Version 12.00
# Visual Studio Version 17
VisualStudioVersion = 17.12.35527.113
MinimumVisualStudioVersion = 10.0.40219.1
Project("{FAE04EC0-301F-11D3-BF4B-00C04F79EFBC}") = "BallGamesWinFormsApp", "BallGamesWinFormsApp\BallGamesWinFormsApp.csproj", "{96D82155-F00C-4D8C-9804-F677218F175D}"
EndProject
Project("{FAE04EC0-301F-11D3-BF4B-00C04F79EFBC}") = "CatcherWinFormsApp", "CatcherWinFormsApp\CatcherWinFormsApp.csproj", "{D3BD280F-3613-4FD4-82B0-291BAAB96A05}"
EndProject
Project("{FAE04EC0-301F-11D3-BF4B-00C04F79EFBC}") = "BallsCommon", "BallsCommon\BallsCommon.csproj", "{547AB1DF-6C77-4059-A474-7FB2BE9351BA}"
EndProject
Project("{FAE04EC0-301F-11D3-BF4B-00C04F79EFBC}") = "BilliardBallsWinFormsApp", "BilliardBallsWinFormsApp\BilliardBallsWinFormsApp.csproj", "{68E826EF-DCB5-49F3-ADA4-3169848ABE22}"
EndProject
Global
	GlobalSection(SolutionConfigurationPlatforms) = preSolution
		Debug|Any CPU = Debug|Any CPU
		Release|Any CPU = Release|Any CPU
	EndGlobalSection
	GlobalSection(ProjectConfigurationPlatforms) = postSolution
		{96D82155-F00C-4D8C-9804-F677218F175D}.Debug|Any CPU.ActiveCfg = Debug|Any CPU
		{96D82155-F00C-4D8C-9804-F677218F175D}.Debug|Any CPU.Build.0 = Debug|Any CPU
		{96D82155-F00C-4D8C-9804-F677218F175D}.Release|Any CPU.ActiveCfg = Release|Any CPU
		{96D82155-F00C-4D8C-9804-F677218F175D}.Release|Any CPU.Build.0 = Release|Any CPU
		{D3BD280F-3613-4FD4-82B0-291BAAB96A05}.Debug|Any CPU.ActiveCfg = Debug|Any CPU
		{D3BD280F-3613-4FD4-82B0-291BAAB96A05}.Debug|Any CPU.Build.0 = Debug|Any CPU
		{D3BD280F-3613-4FD4-82B0-291BAAB96A05}.Release|Any CPU.ActiveCfg = Release|Any CPU
		{D3BD280F-3613-4FD4-82B0-291BAAB96A05}.Release|Any CPU.Build.0 = Release|Any CPU
		{547AB1DF-6C77-4059-A474-7FB2BE9351BA}.Debug|Any CPU.ActiveCfg = Debug|Any CPU
		{547AB1DF-6C77-4059-A474-7FB2BE9351BA}.Debug|Any CPU.Build.0 = Debug|Any CPU
		{547AB1DF-6C77-4059-A474-7FB2BE9351BA}.Release|Any CPU.ActiveCfg = Release|Any CPU
		{547AB1DF-6C77-4059-A474-7FB2BE9351BA}.Release|Any CPU.Build.0 = Release|Any CPU
		{68E826EF-DCB5-49F3-ADA4-3169848ABE22}.Debug|Any CPU.ActiveCfg = Debug|Any CPU
		{68E826EF-DCB5-49F3-ADA4-3169848ABE22}.Debug|Any CPU.Build.0 = Debug|Any CPU
		{68E826EF-DCB5-49F3-ADA4-3169848ABE22}.Release|Any CPU.ActiveCfg = Release|Any CPU
		{68E826EF-DCB5-49F3-ADA4-3169848ABE22}.Release|Any CPU.Build.0 = Release|Any CPU
	EndGlobalSection
	GlobalSection(SolutionProperties) = preSolution
		HideSolutionNode = FALSE
	EndGlobalSection
EndGlobal
